<?xml version="1.0" encoding="UTF-8" standalone="yes" ?>
<CodeBlocks_project_file>
	<FileVersion major="1" minor="6" />
	<Project>
		<Option title="Kemena3DStudio" />
		<Option pch_mode="2" />
		<Option compiler="gcc" />
		<Build>
			<Target title="Debug">
				<Option output="bin/Debug/Kemena3DStudio" prefix_auto="1" extension_auto="1" />
				<Option object_output="obj/Debug/" />
				<Option type="1" />
				<Option compiler="gcc" />
				<Compiler>
					<Add option="-g" />
					<Add directory="include" />
				</Compiler>
			</Target>
			<Target title="Release">
				<Option output="bin/Release/Kemena3DStudio" prefix_auto="1" extension_auto="1" />
				<Option object_output="obj/Release/" />
				<Option type="0" />
				<Option compiler="gcc" />
				<Compiler>
					<Add option="-O2" />
					<Add directory="include" />
				</Compiler>
				<Linker>
					<Add option="-s" />
				</Linker>
			</Target>
		</Build>
		<Compiler>
			<Add option="-Wall" />
			<Add option="-std=gnu++17" />
			<Add option="-DKEMENA3D_STATIC" />
			<Add directory="D:/Projects/Kemena3D/kemena3d/Output/include" />
			<Add directory="dep/portable-file-dialogs-0.1.0" />
		</Compiler>
		<Linker>
			<Add option="-static-libstdc++" />
			<Add option="-static-libgcc" />
			<Add option="-static" />
			<Add library="kemena3d" />
			<Add library="SDL3" />
			<Add library="assimp" />
			<Add library="angelscript" />
			<Add library="imgui" />
			<Add library="glew32s" />
			<Add library="opengl32" />
			<Add library="winmm" />
			<Add library="ole32" />
			<Add library="setupapi" />
			<Add library="gdi32" />
			<Add library="imm32" />
			<Add library="version" />
			<Add library="oleaut32" />
			<Add library="uuid" />
			<Add library="libz" />
			<Add directory="D:/Projects/Kemena3D/kemena3d/Output/lib" />
		</Linker>
		<ExtraCommands>
			<Add after='cmd /c copy &quot;$(PROJECT_DIR)res\fonts\inter.ttf&quot; &quot;$(PROJECT_DIR)$(TARGET_OUTPUT_DIR)fonts\inter.ttf&quot;' />
		</ExtraCommands>
		<Unit filename="include/filemanager.h" />
		<Unit filename="include/mainmenu.h" />
		<Unit filename="include/md5.h" />
		<Unit filename="include/panel_console.h" />
		<Unit filename="include/panel_hierarchy.h" />
		<Unit filename="include/panel_inspector.h" />
		<Unit filename="include/panel_project.h" />
		<Unit filename="main.cpp" />
		<Unit filename="res/fonts/inter.ttf" />
		<Unit filename="res/fonts/opensans.ttf" />
		<Unit filename="res/icons/add.png" />
		<Unit filename="res/icons/app.ico" />
		<Unit filename="res/icons/audio.ico" />
		<Unit filename="res/icons/audio.png" />
		<Unit filename="res/icons/camera.png" />
		<Unit filename="res/icons/console.ico" />
		<Unit filename="res/icons/cube.png" />
		<Unit filename="res/icons/file.ico" />
		<Unit filename="res/icons/fire.png" />
		<Unit filename="res/icons/folder.ico" />
		<Unit filename="res/icons/folder_up.png" />
		<Unit filename="res/icons/gear.ico" />
		<Unit filename="res/icons/gui.png" />
		<Unit filename="res/icons/image.ico" />
		<Unit filename="res/icons/layout.png" />
		<Unit filename="res/icons/light.png" />
		<Unit filename="res/icons/partition.ico" />
		<Unit filename="res/icons/pause.ico" />
		<Unit filename="res/icons/play.ico" />
		<Unit filename="res/icons/project.ico" />
		<Unit filename="res/icons/property.ico" />
		<Unit filename="res/icons/scene.png" />
		<Unit filename="res/icons/script.ico" />
		<Unit filename="res/icons/stop.ico" />
		<Unit filename="res/icons/text.ico" />
		<Unit filename="res/icons/video.ico" />
		<Unit filename="res/icons/video.png" />
		<Unit filename="resources.rc">
			<Option compilerVar="WINDRES" />
		</Unit>
		<Unit filename="src/filemanager.cpp" />
		<Extensions>
			<lib_finder disable_auto="1" />
			<wxsmith version="1">
				<gui name="wxWidgets" src="" main="" init_handlers="necessary" language="CPP" />
				<resources>
					<wxFrame wxs="wxsmith/MainWindow.wxs" src="MainWindow.cpp" hdr="MainWindow.h" fwddecl="0" i18n="1" name="MainWindow" language="CPP" />
					<wxPanel wxs="wxsmith/ProjectPane.wxs" src="ProjectPane.cpp" hdr="ProjectPane.h" fwddecl="0" i18n="1" name="ProjectPane" language="CPP" />
					<wxPanel wxs="wxsmith/ConsolePane.wxs" src="ConsolePane.cpp" hdr="ConsolePane.h" fwddecl="0" i18n="1" name="ConsolePane" language="CPP" />
					<wxPanel wxs="wxsmith/InspectorPane.wxs" src="InspectorPane.cpp" hdr="InspectorPane.h" fwddecl="0" i18n="1" name="InspectorPane" language="CPP" />
					<wxPanel wxs="wxsmith/HierarchyPane.wxs" src="HierarchyPane.cpp" hdr="HierarchyPane.h" fwddecl="0" i18n="1" name="HierarchyPane" language="CPP" />
					<wxPanel wxs="wxsmith/ScenePane.wxs" src="ScenePane.cpp" hdr="ScenePane.h" fwddecl="0" i18n="1" name="ScenePane" language="CPP" />
					<wxDialog wxs="wxsmith/NewProjectDialog.wxs" src="NewProjectDialog.cpp" hdr="NewProjectDialog.h" fwddecl="0" i18n="1" name="NewProjectDialog" language="CPP" />
					<wxPanel wxs="wxsmith/ScriptPane.wxs" src="ScriptPane.cpp" hdr="ScriptPane.h" fwddecl="0" i18n="1" name="ScriptPane" language="CPP" />
				</resources>
			</wxsmith>
		</Extensions>
	</Project>
</CodeBlocks_project_file>
